
Microsoft Visual Studio Solution File, Format Version 12.00
# Visual Studio Version 16
VisualStudioVersion = 16.0.31624.102
MinimumVisualStudioVersion = 10.0.40219.1
Project("{9A19103F-16F7-4668-BE54-9A1E7A4F7556}") = "A001_Euclid", "A001_Euclid\A001_Euclid.csproj", "{DE47868E-D028-4C94-BFD1-FC9B5A381285}"
EndProject
Project("{9A19103F-16F7-4668-BE54-9A1E7A4F7556}") = "A002_Factorial", "A002_Factorial\A002_Factorial.csproj", "{0A8043AB-BA75-4930-B85D-6412F2C51562}"
EndProject
Project("{9A19103F-16F7-4668-BE54-9A1E7A4F7556}") = "A003_fibo", "A003_fibo\A003_fibo.csproj", "{51775B39-5B49-478B-B3E3-2E6CFA9033F1}"
EndProject
Project("{9A19103F-16F7-4668-BE54-9A1E7A4F7556}") = "A004_hanoi", "A004_hanoi\A004_hanoi.csproj", "{FA31693D-1F35-4DA9-9933-CF69868DFD6E}"
EndProject
Project("{FAE04EC0-301F-11D3-BF4B-00C04F79EFBC}") = "A005_SortWithGraph", "A005_SortWithGraph\SortWithGraph\A005_SortWithGraph.csproj", "{56C0FE4A-8448-4BB1-B61C-D10CC3C95B98}"
EndProject
Project("{FAE04EC0-301F-11D3-BF4B-00C04F79EFBC}") = "A006_ClosestPair", "A006_ClosestPair\ClosestPair\A006_ClosestPair.csproj", "{AFCAAFC0-E307-41C7-99C7-1A848A3663AD}"
EndProject
Project("{FAE04EC0-301F-11D3-BF4B-00C04F79EFBC}") = "A007_Prim", "A007_Prim\Prim\A007_Prim.csproj", "{F253BBC4-E3BE-4563-9E83-7B734A32C9B7}"
EndProject
Project("{FAE04EC0-301F-11D3-BF4B-00C04F79EFBC}") = "A008_Dijkstra", "A008_Dijkstra\A008_Dijkstra.csproj", "{1B5AD1D0-C689-4679-9698-47E3313FE351}"
EndProject
Project("{9A19103F-16F7-4668-BE54-9A1E7A4F7556}") = "A009_HuffmanCode", "A009_HuffmanCode\A009_HuffmanCode.csproj", "{9AB65D5F-7347-486C-A89C-91784CED88EC}"
EndProject
Project("{9A19103F-16F7-4668-BE54-9A1E7A4F7556}") = "A010_fibonacci", "A010_fibonacci\A010_fibonacci.csproj", "{53D62930-0301-49B0-9F30-86B6AFA1BCD8}"
EndProject
Project("{9A19103F-16F7-4668-BE54-9A1E7A4F7556}") = "A011_FloydWarshall", "A010_FloydWarshall\A011_FloydWarshall.csproj", "{D0274989-6EDF-4496-9D34-2995F9861712}"
EndProject
Global
	GlobalSection(SolutionConfigurationPlatforms) = preSolution
		Debug|Any CPU = Debug|Any CPU
		Debug|x64 = Debug|x64
		Debug|x86 = Debug|x86
		Release|Any CPU = Release|Any CPU
		Release|x64 = Release|x64
		Release|x86 = Release|x86
	EndGlobalSection
	GlobalSection(ProjectConfigurationPlatforms) = postSolution
		{DE47868E-D028-4C94-BFD1-FC9B5A381285}.Debug|Any CPU.ActiveCfg = Debug|Any CPU
		{DE47868E-D028-4C94-BFD1-FC9B5A381285}.Debug|Any CPU.Build.0 = Debug|Any CPU
		{DE47868E-D028-4C94-BFD1-FC9B5A381285}.Debug|x64.ActiveCfg = Debug|Any CPU
		{DE47868E-D028-4C94-BFD1-FC9B5A381285}.Debug|x64.Build.0 = Debug|Any CPU
		{DE47868E-D028-4C94-BFD1-FC9B5A381285}.Debug|x86.ActiveCfg = Debug|Any CPU
		{DE47868E-D028-4C94-BFD1-FC9B5A381285}.Debug|x86.Build.0 = Debug|Any CPU
		{DE47868E-D028-4C94-BFD1-FC9B5A381285}.Release|Any CPU.ActiveCfg = Release|Any CPU
		{DE47868E-D028-4C94-BFD1-FC9B5A381285}.Release|Any CPU.Build.0 = Release|Any CPU
		{DE47868E-D028-4C94-BFD1-FC9B5A381285}.Release|x64.ActiveCfg = Release|Any CPU
		{DE47868E-D028-4C94-BFD1-FC9B5A381285}.Release|x64.Build.0 = Release|Any CPU
		{DE47868E-D028-4C94-BFD1-FC9B5A381285}.Release|x86.ActiveCfg = Release|Any CPU
		{DE47868E-D028-4C94-BFD1-FC9B5A381285}.Release|x86.Build.0 = Release|Any CPU
		{0A8043AB-BA75-4930-B85D-6412F2C51562}.Debug|Any CPU.ActiveCfg = Debug|Any CPU
		{0A8043AB-BA75-4930-B85D-6412F2C51562}.Debug|Any CPU.Build.0 = Debug|Any CPU
		{0A8043AB-BA75-4930-B85D-6412F2C51562}.Debug|x64.ActiveCfg = Debug|Any CPU
		{0A8043AB-BA75-4930-B85D-6412F2C51562}.Debug|x64.Build.0 = Debug|Any CPU
		{0A8043AB-BA75-4930-B85D-6412F2C51562}.Debug|x86.ActiveCfg = Debug|Any CPU
		{0A8043AB-BA75-4930-B85D-6412F2C51562}.Debug|x86.Build.0 = Debug|Any CPU
		{0A8043AB-BA75-4930-B85D-6412F2C51562}.Release|Any CPU.ActiveCfg = Release|Any CPU
		{0A8043AB-BA75-4930-B85D-6412F2C51562}.Release|Any CPU.Build.0 = Release|Any CPU
		{0A8043AB-BA75-4930-B85D-6412F2C51562}.Release|x64.ActiveCfg = Release|Any CPU
		{0A8043AB-BA75-4930-B85D-6412F2C51562}.Release|x64.Build.0 = Release|Any CPU
		{0A8043AB-BA75-4930-B85D-6412F2C51562}.Release|x86.ActiveCfg = Release|Any CPU
		{0A8043AB-BA75-4930-B85D-6412F2C51562}.Release|x86.Build.0 = Release|Any CPU
		{51775B39-5B49-478B-B3E3-2E6CFA9033F1}.Debug|Any CPU.ActiveCfg = Debug|Any CPU
		{51775B39-5B49-478B-B3E3-2E6CFA9033F1}.Debug|Any CPU.Build.0 = Debug|Any CPU
		{51775B39-5B49-478B-B3E3-2E6CFA9033F1}.Debug|x64.ActiveCfg = Debug|Any CPU
		{51775B39-5B49-478B-B3E3-2E6CFA9033F1}.Debug|x64.Build.0 = Debug|Any CPU
		{51775B39-5B49-478B-B3E3-2E6CFA9033F1}.Debug|x86.ActiveCfg = Debug|Any CPU
		{51775B39-5B49-478B-B3E3-2E6CFA9033F1}.Debug|x86.Build.0 = Debug|Any CPU
		{51775B39-5B49-478B-B3E3-2E6CFA9033F1}.Release|Any CPU.ActiveCfg = Release|Any CPU
		{51775B39-5B49-478B-B3E3-2E6CFA9033F1}.Release|Any CPU.Build.0 = Release|Any CPU
		{51775B39-5B49-478B-B3E3-2E6CFA9033F1}.Release|x64.ActiveCfg = Release|Any CPU
		{51775B39-5B49-478B-B3E3-2E6CFA9033F1}.Release|x64.Build.0 = Release|Any CPU
		{51775B39-5B49-478B-B3E3-2E6CFA9033F1}.Release|x86.ActiveCfg = Release|Any CPU
		{51775B39-5B49-478B-B3E3-2E6CFA9033F1}.Release|x86.Build.0 = Release|Any CPU
		{FA31693D-1F35-4DA9-9933-CF69868DFD6E}.Debug|Any CPU.ActiveCfg = Debug|Any CPU
		{FA31693D-1F35-4DA9-9933-CF69868DFD6E}.Debug|Any CPU.Build.0 = Debug|Any CPU
		{FA31693D-1F35-4DA9-9933-CF69868DFD6E}.Debug|x64.ActiveCfg = Debug|Any CPU
		{FA31693D-1F35-4DA9-9933-CF69868DFD6E}.Debug|x64.Build.0 = Debug|Any CPU
		{FA31693D-1F35-4DA9-9933-CF69868DFD6E}.Debug|x86.ActiveCfg = Debug|Any CPU
		{FA31693D-1F35-4DA9-9933-CF69868DFD6E}.Debug|x86.Build.0 = Debug|Any CPU
		{FA31693D-1F35-4DA9-9933-CF69868DFD6E}.Release|Any CPU.ActiveCfg = Release|Any CPU
		{FA31693D-1F35-4DA9-9933-CF69868DFD6E}.Release|Any CPU.Build.0 = Release|Any CPU
		{FA31693D-1F35-4DA9-9933-CF69868DFD6E}.Release|x64.ActiveCfg = Release|Any CPU
		{FA31693D-1F35-4DA9-9933-CF69868DFD6E}.Release|x64.Build.0 = Release|Any CPU
		{FA31693D-1F35-4DA9-9933-CF69868DFD6E}.Release|x86.ActiveCfg = Release|Any CPU
		{FA31693D-1F35-4DA9-9933-CF69868DFD6E}.Release|x86.Build.0 = Release|Any CPU
		{56C0FE4A-8448-4BB1-B61C-D10CC3C95B98}.Debug|Any CPU.ActiveCfg = Debug|Any CPU
		{56C0FE4A-8448-4BB1-B61C-D10CC3C95B98}.Debug|Any CPU.Build.0 = Debug|Any CPU
		{56C0FE4A-8448-4BB1-B61C-D10CC3C95B98}.Debug|x64.ActiveCfg = Debug|Any CPU
		{56C0FE4A-8448-4BB1-B61C-D10CC3C95B98}.Debug|x64.Build.0 = Debug|Any CPU
		{56C0FE4A-8448-4BB1-B61C-D10CC3C95B98}.Debug|x86.ActiveCfg = Debug|Any CPU
		{56C0FE4A-8448-4BB1-B61C-D10CC3C95B98}.Debug|x86.Build.0 = Debug|Any CPU
		{56C0FE4A-8448-4BB1-B61C-D10CC3C95B98}.Release|Any CPU.ActiveCfg = Release|Any CPU
		{56C0FE4A-8448-4BB1-B61C-D10CC3C95B98}.Release|Any CPU.Build.0 = Release|Any CPU
		{56C0FE4A-8448-4BB1-B61C-D10CC3C95B98}.Release|x64.ActiveCfg = Release|Any CPU
		{56C0FE4A-8448-4BB1-B61C-D10CC3C95B98}.Release|x64.Build.0 = Release|Any CPU
		{56C0FE4A-8448-4BB1-B61C-D10CC3C95B98}.Release|x86.ActiveCfg = Release|Any CPU
		{56C0FE4A-8448-4BB1-B61C-D10CC3C95B98}.Release|x86.Build.0 = Release|Any CPU
		{AFCAAFC0-E307-41C7-99C7-1A848A3663AD}.Debug|Any CPU.ActiveCfg = Debug|Any CPU
		{AFCAAFC0-E307-41C7-99C7-1A848A3663AD}.Debug|Any CPU.Build.0 = Debug|Any CPU
		{AFCAAFC0-E307-41C7-99C7-1A848A3663AD}.Debug|x64.ActiveCfg = Debug|Any CPU
		{AFCAAFC0-E307-41C7-99C7-1A848A3663AD}.Debug|x64.Build.0 = Debug|Any CPU
		{AFCAAFC0-E307-41C7-99C7-1A848A3663AD}.Debug|x86.ActiveCfg = Debug|Any CPU
		{AFCAAFC0-E307-41C7-99C7-1A848A3663AD}.Debug|x86.Build.0 = Debug|Any CPU
		{AFCAAFC0-E307-41C7-99C7-1A848A3663AD}.Release|Any CPU.ActiveCfg = Release|Any CPU
		{AFCAAFC0-E307-41C7-99C7-1A848A3663AD}.Release|Any CPU.Build.0 = Release|Any CPU
		{AFCAAFC0-E307-41C7-99C7-1A848A3663AD}.Release|x64.ActiveCfg = Release|Any CPU
		{AFCAAFC0-E307-41C7-99C7-1A848A3663AD}.Release|x64.Build.0 = Release|Any CPU
		{AFCAAFC0-E307-41C7-99C7-1A848A3663AD}.Release|x86.ActiveCfg = Release|Any CPU
		{AFCAAFC0-E307-41C7-99C7-1A848A3663AD}.Release|x86.Build.0 = Release|Any CPU
		{F253BBC4-E3BE-4563-9E83-7B734A32C9B7}.Debug|Any CPU.ActiveCfg = Debug|Any CPU
		{F253BBC4-E3BE-4563-9E83-7B734A32C9B7}.Debug|Any CPU.Build.0 = Debug|Any CPU
		{F253BBC4-E3BE-4563-9E83-7B734A32C9B7}.Debug|x64.ActiveCfg = Debug|Any CPU
		{F253BBC4-E3BE-4563-9E83-7B734A32C9B7}.Debug|x64.Build.0 = Debug|Any CPU
		{F253BBC4-E3BE-4563-9E83-7B734A32C9B7}.Debug|x86.ActiveCfg = Debug|Any CPU
		{F253BBC4-E3BE-4563-9E83-7B734A32C9B7}.Debug|x86.Build.0 = Debug|Any CPU
		{F253BBC4-E3BE-4563-9E83-7B734A32C9B7}.Release|Any CPU.ActiveCfg = Release|Any CPU
		{F253BBC4-E3BE-4563-9E83-7B734A32C9B7}.Release|Any CPU.Build.0 = Release|Any CPU
		{F253BBC4-E3BE-4563-9E83-7B734A32C9B7}.Release|x64.ActiveCfg = Release|Any CPU
		{F253BBC4-E3BE-4563-9E83-7B734A32C9B7}.Release|x64.Build.0 = Release|Any CPU
		{F253BBC4-E3BE-4563-9E83-7B734A32C9B7}.Release|x86.ActiveCfg = Release|Any CPU
		{F253BBC4-E3BE-4563-9E83-7B734A32C9B7}.Release|x86.Build.0 = Release|Any CPU
		{1B5AD1D0-C689-4679-9698-47E3313FE351}.Debug|Any CPU.ActiveCfg = Debug|Any CPU
		{1B5AD1D0-C689-4679-9698-47E3313FE351}.Debug|Any CPU.Build.0 = Debug|Any CPU
		{1B5AD1D0-C689-4679-9698-47E3313FE351}.Debug|x64.ActiveCfg = Debug|Any CPU
		{1B5AD1D0-C689-4679-9698-47E3313FE351}.Debug|x64.Build.0 = Debug|Any CPU
		{1B5AD1D0-C689-4679-9698-47E3313FE351}.Debug|x86.ActiveCfg = Debug|Any CPU
		{1B5AD1D0-C689-4679-9698-47E3313FE351}.Debug|x86.Build.0 = Debug|Any CPU
		{1B5AD1D0-C689-4679-9698-47E3313FE351}.Release|Any CPU.ActiveCfg = Release|Any CPU
		{1B5AD1D0-C689-4679-9698-47E3313FE351}.Release|Any CPU.Build.0 = Release|Any CPU
		{1B5AD1D0-C689-4679-9698-47E3313FE351}.Release|x64.ActiveCfg = Release|Any CPU
		{1B5AD1D0-C689-4679-9698-47E3313FE351}.Release|x64.Build.0 = Release|Any CPU
		{1B5AD1D0-C689-4679-9698-47E3313FE351}.Release|x86.ActiveCfg = Release|Any CPU
		{1B5AD1D0-C689-4679-9698-47E3313FE351}.Release|x86.Build.0 = Release|Any CPU
		{9AB65D5F-7347-486C-A89C-91784CED88EC}.Debug|Any CPU.ActiveCfg = Debug|Any CPU
		{9AB65D5F-7347-486C-A89C-91784CED88EC}.Debug|Any CPU.Build.0 = Debug|Any CPU
		{9AB65D5F-7347-486C-A89C-91784CED88EC}.Debug|x64.ActiveCfg = Debug|Any CPU
		{9AB65D5F-7347-486C-A89C-91784CED88EC}.Debug|x64.Build.0 = Debug|Any CPU
		{9AB65D5F-7347-486C-A89C-91784CED88EC}.Debug|x86.ActiveCfg = Debug|Any CPU
		{9AB65D5F-7347-486C-A89C-91784CED88EC}.Debug|x86.Build.0 = Debug|Any CPU
		{9AB65D5F-7347-486C-A89C-91784CED88EC}.Release|Any CPU.ActiveCfg = Release|Any CPU
		{9AB65D5F-7347-486C-A89C-91784CED88EC}.Release|Any CPU.Build.0 = Release|Any CPU
		{9AB65D5F-7347-486C-A89C-91784CED88EC}.Release|x64.ActiveCfg = Release|Any CPU
		{9AB65D5F-7347-486C-A89C-91784CED88EC}.Release|x64.Build.0 = Release|Any CPU
		{9AB65D5F-7347-486C-A89C-91784CED88EC}.Release|x86.ActiveCfg = Release|Any CPU
		{9AB65D5F-7347-486C-A89C-91784CED88EC}.Release|x86.Build.0 = Release|Any CPU
		{53D62930-0301-49B0-9F30-86B6AFA1BCD8}.Debug|Any CPU.ActiveCfg = Debug|Any CPU
		{53D62930-0301-49B0-9F30-86B6AFA1BCD8}.Debug|Any CPU.Build.0 = Debug|Any CPU
		{53D62930-0301-49B0-9F30-86B6AFA1BCD8}.Debug|x64.ActiveCfg = Debug|Any CPU
		{53D62930-0301-49B0-9F30-86B6AFA1BCD8}.Debug|x64.Build.0 = Debug|Any CPU
		{53D62930-0301-49B0-9F30-86B6AFA1BCD8}.Debug|x86.ActiveCfg = Debug|Any CPU
		{53D62930-0301-49B0-9F30-86B6AFA1BCD8}.Debug|x86.Build.0 = Debug|Any CPU
		{53D62930-0301-49B0-9F30-86B6AFA1BCD8}.Release|Any CPU.ActiveCfg = Release|Any CPU
		{53D62930-0301-49B0-9F30-86B6AFA1BCD8}.Release|Any CPU.Build.0 = Release|Any CPU
		{53D62930-0301-49B0-9F30-86B6AFA1BCD8}.Release|x64.ActiveCfg = Release|Any CPU
		{53D62930-0301-49B0-9F30-86B6AFA1BCD8}.Release|x64.Build.0 = Release|Any CPU
		{53D62930-0301-49B0-9F30-86B6AFA1BCD8}.Release|x86.ActiveCfg = Release|Any CPU
		{53D62930-0301-49B0-9F30-86B6AFA1BCD8}.Release|x86.Build.0 = Release|Any CPU
		{D0274989-6EDF-4496-9D34-2995F9861712}.Debug|Any CPU.ActiveCfg = Debug|Any CPU
		{D0274989-6EDF-4496-9D34-2995F9861712}.Debug|Any CPU.Build.0 = Debug|Any CPU
		{D0274989-6EDF-4496-9D34-2995F9861712}.Debug|x64.ActiveCfg = Debug|Any CPU
		{D0274989-6EDF-4496-9D34-2995F9861712}.Debug|x64.Build.0 = Debug|Any CPU
		{D0274989-6EDF-4496-9D34-2995F9861712}.Debug|x86.ActiveCfg = Debug|Any CPU
		{D0274989-6EDF-4496-9D34-2995F9861712}.Debug|x86.Build.0 = Debug|Any CPU
		{D0274989-6EDF-4496-9D34-2995F9861712}.Release|Any CPU.ActiveCfg = Release|Any CPU
		{D0274989-6EDF-4496-9D34-2995F9861712}.Release|Any CPU.Build.0 = Release|Any CPU
		{D0274989-6EDF-4496-9D34-2995F9861712}.Release|x64.ActiveCfg = Release|Any CPU
		{D0274989-6EDF-4496-9D34-2995F9861712}.Release|x64.Build.0 = Release|Any CPU
		{D0274989-6EDF-4496-9D34-2995F9861712}.Release|x86.ActiveCfg = Release|Any CPU
		{D0274989-6EDF-4496-9D34-2995F9861712}.Release|x86.Build.0 = Release|Any CPU
	EndGlobalSection
	GlobalSection(SolutionProperties) = preSolution
		HideSolutionNode = FALSE
	EndGlobalSection
	GlobalSection(ExtensibilityGlobals) = postSolution
		SolutionGuid = {86B21335-D395-4705-986A-7003E80D5B1F}
	EndGlobalSection
EndGlobal
